<?xml version="1.0" encoding="utf-8"?>
<Project ToolsVersion="4.0" xmlns="http://schemas.microsoft.com/developer/msbuild/2003">
  <ItemGroup>
    <Filter Include="Network">
      <UniqueIdentifier>{44015ff7-f5fe-4ecb-9510-ba792e92d6c2}</UniqueIdentifier>
    </Filter>
    <Filter Include="Utils">
      <UniqueIdentifier>{1c94faf8-d38f-44b3-b3f3-39ba3c6951e1}</UniqueIdentifier>
    </Filter>
    <Filter Include="Thread">
      <UniqueIdentifier>{0a8a1a96-3bcc-4f5b-ac25-3388457fad31}</UniqueIdentifier>
    </Filter>
    <Filter Include="Memory">
      <UniqueIdentifier>{903143c9-12f7-436d-8004-490b4f0d31bf}</UniqueIdentifier>
    </Filter>
    <Filter Include="Job">
      <UniqueIdentifier>{8b94d2b1-e1ee-493c-956e-df847a2e11fe}</UniqueIdentifier>
    </Filter>
    <Filter Include="DB">
      <UniqueIdentifier>{7f55a836-dbe4-49fe-b98f-01ba93752f74}</UniqueIdentifier>
    </Filter>
    <Filter Include="XML">
      <UniqueIdentifier>{26921cd4-1810-46b4-af4f-1cf73106e6f9}</UniqueIdentifier>
    </Filter>
    <Filter Include="Log">
      <UniqueIdentifier>{045ee736-6cbc-4714-98df-722cc8d467a6}</UniqueIdentifier>
    </Filter>
    <Filter Include="GlobalCore">
      <UniqueIdentifier>{c0b75513-7471-4500-a833-2626c5040f9c}</UniqueIdentifier>
    </Filter>
    <Filter Include="Core">
      <UniqueIdentifier>{e37d1e00-7236-46da-bd55-91f149c68a68}</UniqueIdentifier>
    </Filter>
  </ItemGroup>
  <ItemGroup>
    <ClInclude Include="Memory\BaseAllocator.h">
      <Filter>Memory</Filter>
    </ClInclude>
    <ClInclude Include="Memory\Container.h">
      <Filter>Memory</Filter>
    </ClInclude>
    <ClInclude Include="Memory\MemoryHeader.h">
      <Filter>Memory</Filter>
    </ClInclude>
    <ClInclude Include="Memory\MemoryManager.h">
      <Filter>Memory</Filter>
    </ClInclude>
    <ClInclude Include="Memory\MemoryPool.h">
      <Filter>Memory</Filter>
    </ClInclude>
    <ClInclude Include="Memory\ObjectPool.h">
      <Filter>Memory</Filter>
    </ClInclude>
    <ClInclude Include="Memory\PoolAllocator.h">
      <Filter>Memory</Filter>
    </ClInclude>
    <ClInclude Include="Memory\STL_Allocator.h">
      <Filter>Memory</Filter>
    </ClInclude>
    <ClInclude Include="Memory\StompAllocator.h">
      <Filter>Memory</Filter>
    </ClInclude>
    <ClInclude Include="Memory\TypeCast.h">
      <Filter>Memory</Filter>
    </ClInclude>
    <ClInclude Include="Util\BufferReader.h">
      <Filter>Utils</Filter>
    </ClInclude>
    <ClInclude Include="Util\BufferWriter.h">
      <Filter>Utils</Filter>
    </ClInclude>
    <ClInclude Include="Util\FileUtils.h">
      <Filter>Utils</Filter>
    </ClInclude>
    <ClInclude Include="Util\LockFreeQueue.h">
      <Filter>Utils</Filter>
    </ClInclude>
    <ClInclude Include="Util\LockFreeStack.h">
      <Filter>Utils</Filter>
    </ClInclude>
    <ClInclude Include="Util\LockQueue.h">
      <Filter>Utils</Filter>
    </ClInclude>
    <ClInclude Include="Util\Time.h">
      <Filter>Utils</Filter>
    </ClInclude>
    <ClInclude Include="XML\XmlParser.h">
      <Filter>XML</Filter>
    </ClInclude>
    <ClInclude Include="XML\rapidxml_utils.hpp">
      <Filter>XML</Filter>
    </ClInclude>
    <ClInclude Include="XML\rapidxml_print.hpp">
      <Filter>XML</Filter>
    </ClInclude>
    <ClInclude Include="XML\rapidxml_iterators.hpp">
      <Filter>XML</Filter>
    </ClInclude>
    <ClInclude Include="XML\rapidxml.hpp">
      <Filter>XML</Filter>
    </ClInclude>
    <ClInclude Include="Log\ConsoleLog.h">
      <Filter>Log</Filter>
    </ClInclude>
    <ClInclude Include="Thread\DeadLockProfiler.h">
      <Filter>Thread</Filter>
    </ClInclude>
    <ClInclude Include="Thread\Lock.h">
      <Filter>Thread</Filter>
    </ClInclude>
    <ClInclude Include="Thread\ThreadManager.h">
      <Filter>Thread</Filter>
    </ClInclude>
    <ClInclude Include="Job\Job.h">
      <Filter>Job</Filter>
    </ClInclude>
    <ClInclude Include="Job\JobData.h">
      <Filter>Job</Filter>
    </ClInclude>
    <ClInclude Include="Job\JobQueue.h">
      <Filter>Job</Filter>
    </ClInclude>
    <ClInclude Include="Job\JobTimer.h">
      <Filter>Job</Filter>
    </ClInclude>
    <ClInclude Include="Job\TimerItem.h">
      <Filter>Job</Filter>
    </ClInclude>
    <ClInclude Include="Job\GlobalQueue.h">
      <Filter>Job</Filter>
    </ClInclude>
    <ClInclude Include="Network\ClientService.h">
      <Filter>Network</Filter>
    </ClInclude>
    <ClInclude Include="Network\IocpEvent.h">
      <Filter>Network</Filter>
    </ClInclude>
    <ClInclude Include="Network\IocpService.h">
      <Filter>Network</Filter>
    </ClInclude>
    <ClInclude Include="Network\Listener.h">
      <Filter>Network</Filter>
    </ClInclude>
    <ClInclude Include="Network\NetAddress.h">
      <Filter>Network</Filter>
    </ClInclude>
    <ClInclude Include="Network\PacketHeader.h">
      <Filter>Network</Filter>
    </ClInclude>
    <ClInclude Include="Network\PacketSession.h">
      <Filter>Network</Filter>
    </ClInclude>
    <ClInclude Include="Network\RecvBuffer.h">
      <Filter>Network</Filter>
    </ClInclude>
    <ClInclude Include="Network\SendBuffer.h">
      <Filter>Network</Filter>
    </ClInclude>
    <ClInclude Include="Network\SendBufferChunk.h">
      <Filter>Network</Filter>
    </ClInclude>
    <ClInclude Include="Network\SendBufferManager.h">
      <Filter>Network</Filter>
    </ClInclude>
    <ClInclude Include="Network\ServerService.h">
      <Filter>Network</Filter>
    </ClInclude>
    <ClInclude Include="Network\Service.h">
      <Filter>Network</Filter>
    </ClInclude>
    <ClInclude Include="Network\Session.h">
      <Filter>Network</Filter>
    </ClInclude>
    <ClInclude Include="Network\SocketUtils.h">
      <Filter>Network</Filter>
    </ClInclude>
    <ClInclude Include="Core\Core.h">
      <Filter>Core</Filter>
    </ClInclude>
    <ClInclude Include="Core\CoreInitializer.h">
      <Filter>Core</Filter>
    </ClInclude>
    <ClInclude Include="Core\CoreMacro.h">
      <Filter>Core</Filter>
    </ClInclude>
    <ClInclude Include="Core\CoreTLS.h">
      <Filter>Core</Filter>
    </ClInclude>
    <ClInclude Include="Core\Types.h">
      <Filter>Core</Filter>
    </ClInclude>
    <ClInclude Include="DB\MySqlConfig.h" />
    <ClInclude Include="Network\IDispatchable.h" />
    <ClInclude Include="Util\Path.h" />
  </ItemGroup>
  <ItemGroup>
    <ClCompile Include="Memory\BaseAllocator.cpp">
      <Filter>Memory</Filter>
    </ClCompile>
    <ClCompile Include="Memory\MemoryHeader.cpp">
      <Filter>Memory</Filter>
    </ClCompile>
    <ClCompile Include="Memory\MemoryManager.cpp">
      <Filter>Memory</Filter>
    </ClCompile>
    <ClCompile Include="Memory\MemoryPool.cpp">
      <Filter>Memory</Filter>
    </ClCompile>
    <ClCompile Include="Memory\PoolAllocator.cpp">
      <Filter>Memory</Filter>
    </ClCompile>
    <ClCompile Include="Memory\StompAllocator.cpp">
      <Filter>Memory</Filter>
    </ClCompile>
    <ClCompile Include="Util\BufferReader.cpp">
      <Filter>Utils</Filter>
    </ClCompile>
    <ClCompile Include="Util\BufferWriter.cpp">
      <Filter>Utils</Filter>
    </ClCompile>
    <ClCompile Include="Util\FileUtils.cpp">
      <Filter>Utils</Filter>
    </ClCompile>
    <ClCompile Include="Util\Time.cpp">
      <Filter>Utils</Filter>
    </ClCompile>
    <ClCompile Include="XML\XmlParser.cpp">
      <Filter>XML</Filter>
    </ClCompile>
    <ClCompile Include="Log\ConsoleLog.cpp">
      <Filter>Log</Filter>
    </ClCompile>
    <ClCompile Include="Thread\DeadLockProfiler.cpp">
      <Filter>Thread</Filter>
    </ClCompile>
    <ClCompile Include="Thread\Lock.cpp">
      <Filter>Thread</Filter>
    </ClCompile>
    <ClCompile Include="Thread\ThreadManager.cpp">
      <Filter>Thread</Filter>
    </ClCompile>
    <ClCompile Include="Job\JobData.cpp">
      <Filter>Job</Filter>
    </ClCompile>
    <ClCompile Include="Job\JobQueue.cpp">
      <Filter>Job</Filter>
    </ClCompile>
    <ClCompile Include="Job\JobTimer.cpp">
      <Filter>Job</Filter>
    </ClCompile>
    <ClCompile Include="Job\TimerItem.cpp">
      <Filter>Job</Filter>
    </ClCompile>
    <ClCompile Include="Job\GlobalQueue.cpp">
      <Filter>Job</Filter>
    </ClCompile>
    <ClCompile Include="Network\ClientService.cpp">
      <Filter>Network</Filter>
    </ClCompile>
    <ClCompile Include="Network\IocpEvent.cpp">
      <Filter>Network</Filter>
    </ClCompile>
    <ClCompile Include="Network\IocpService.cpp">
      <Filter>Network</Filter>
    </ClCompile>
    <ClCompile Include="Network\Listener.cpp">
      <Filter>Network</Filter>
    </ClCompile>
    <ClCompile Include="Network\NetAddress.cpp">
      <Filter>Network</Filter>
    </ClCompile>
    <ClCompile Include="Network\PacketSession.cpp">
      <Filter>Network</Filter>
    </ClCompile>
    <ClCompile Include="Network\RecvBuffer.cpp">
      <Filter>Network</Filter>
    </ClCompile>
    <ClCompile Include="Network\SendBuffer.cpp">
      <Filter>Network</Filter>
    </ClCompile>
    <ClCompile Include="Network\SendBufferChunk.cpp">
      <Filter>Network</Filter>
    </ClCompile>
    <ClCompile Include="Network\SendBufferManager.cpp">
      <Filter>Network</Filter>
    </ClCompile>
    <ClCompile Include="Network\ServerService.cpp">
      <Filter>Network</Filter>
    </ClCompile>
    <ClCompile Include="Network\Service.cpp">
      <Filter>Network</Filter>
    </ClCompile>
    <ClCompile Include="Network\Session.cpp">
      <Filter>Network</Filter>
    </ClCompile>
    <ClCompile Include="Network\SocketUtils.cpp">
      <Filter>Network</Filter>
    </ClCompile>
    <ClCompile Include="Core\Core.cpp">
      <Filter>Core</Filter>
    </ClCompile>
    <ClCompile Include="Core\CoreTLS.cpp">
      <Filter>Core</Filter>
    </ClCompile>
    <ClCompile Include="Core\GlobalInitializer.cpp">
      <Filter>Core</Filter>
    </ClCompile>
    <ClCompile Include="DB\MySqlConfig.cpp" />
    <ClCompile Include="Util\Path.cpp" />
  </ItemGroup>
</Project>